
Microsoft Visual Studio Solution File, Format Version 12.00
# Visual Studio Version 16
VisualStudioVersion = 16.0.31205.134
MinimumVisualStudioVersion = 10.0.40219.1
Project("{2150E333-8FDC-42A3-9474-1A3956D46DE8}") = "src", "src", "{590CDE29-A02C-490D-9BBD-E10A1F09EC83}"
EndProject
Project("{2150E333-8FDC-42A3-9474-1A3956D46DE8}") = "tests", "tests", "{2E2900FE-0085-4A42-A89B-4EEE78D9BE41}"
EndProject
Project("{9A19103F-16F7-4668-BE54-9A1E7A4F7556}") = "Application", "src\Application\Application.csproj", "{F075EBBC-038B-4223-B739-851067C6428B}"
EndProject
Project("{9A19103F-16F7-4668-BE54-9A1E7A4F7556}") = "Domain", "src\Domain\Domain.csproj", "{E3274176-E32A-4BB3-BDC9-132455E71414}"
EndProject
Project("{9A19103F-16F7-4668-BE54-9A1E7A4F7556}") = "Infrastructure", "src\Infrastructure\Infrastructure.csproj", "{ADF754A8-B198-44B6-8246-6124B0DF2468}"
EndProject
Project("{9A19103F-16F7-4668-BE54-9A1E7A4F7556}") = "WebUI", "src\WebUI\WebUI.csproj", "{3A55DA0E-87E1-4834-9093-F41E1D239E26}"
EndProject
Global
	GlobalSection(SolutionConfigurationPlatforms) = preSolution
		Debug|Any CPU = Debug|Any CPU
		Release|Any CPU = Release|Any CPU
	EndGlobalSection
	GlobalSection(ProjectConfigurationPlatforms) = postSolution
		{F075EBBC-038B-4223-B739-851067C6428B}.Debug|Any CPU.ActiveCfg = Debug|Any CPU
		{F075EBBC-038B-4223-B739-851067C6428B}.Debug|Any CPU.Build.0 = Debug|Any CPU
		{F075EBBC-038B-4223-B739-851067C6428B}.Release|Any CPU.ActiveCfg = Release|Any CPU
		{F075EBBC-038B-4223-B739-851067C6428B}.Release|Any CPU.Build.0 = Release|Any CPU
		{E3274176-E32A-4BB3-BDC9-132455E71414}.Debug|Any CPU.ActiveCfg = Debug|Any CPU
		{E3274176-E32A-4BB3-BDC9-132455E71414}.Debug|Any CPU.Build.0 = Debug|Any CPU
		{E3274176-E32A-4BB3-BDC9-132455E71414}.Release|Any CPU.ActiveCfg = Release|Any CPU
		{E3274176-E32A-4BB3-BDC9-132455E71414}.Release|Any CPU.Build.0 = Release|Any CPU
		{ADF754A8-B198-44B6-8246-6124B0DF2468}.Debug|Any CPU.ActiveCfg = Debug|Any CPU
		{ADF754A8-B198-44B6-8246-6124B0DF2468}.Debug|Any CPU.Build.0 = Debug|Any CPU
		{ADF754A8-B198-44B6-8246-6124B0DF2468}.Release|Any CPU.ActiveCfg = Release|Any CPU
		{ADF754A8-B198-44B6-8246-6124B0DF2468}.Release|Any CPU.Build.0 = Release|Any CPU
		{3A55DA0E-87E1-4834-9093-F41E1D239E26}.Debug|Any CPU.ActiveCfg = Debug|Any CPU
		{3A55DA0E-87E1-4834-9093-F41E1D239E26}.Debug|Any CPU.Build.0 = Debug|Any CPU
		{3A55DA0E-87E1-4834-9093-F41E1D239E26}.Release|Any CPU.ActiveCfg = Release|Any CPU
		{3A55DA0E-87E1-4834-9093-F41E1D239E26}.Release|Any CPU.Build.0 = Release|Any CPU
	EndGlobalSection
	GlobalSection(SolutionProperties) = preSolution
		HideSolutionNode = FALSE
	EndGlobalSection
	GlobalSection(NestedProjects) = preSolution
		{F075EBBC-038B-4223-B739-851067C6428B} = {590CDE29-A02C-490D-9BBD-E10A1F09EC83}
		{E3274176-E32A-4BB3-BDC9-132455E71414} = {590CDE29-A02C-490D-9BBD-E10A1F09EC83}
		{ADF754A8-B198-44B6-8246-6124B0DF2468} = {590CDE29-A02C-490D-9BBD-E10A1F09EC83}
		{3A55DA0E-87E1-4834-9093-F41E1D239E26} = {590CDE29-A02C-490D-9BBD-E10A1F09EC83}
	EndGlobalSection
	GlobalSection(ExtensibilityGlobals) = postSolution
		SolutionGuid = {7085E9C5-996A-4A27-A330-796F617E99A7}
	EndGlobalSection
EndGlobal
